# THIS IS AN AUTOGENERATED FILE. DO NOT EDIT THIS FILE DIRECTLY.
# yarn lockfile v1


"@types/aws-lambda@^8.10.92":
  version "8.10.117"
  resolved "https://registry.yarnpkg.com/@types/aws-lambda/-/aws-lambda-8.10.117.tgz#7d12cd6c33ceb4f1b1f35581dacf9f610d99cdd2"
  integrity sha512-6T1aHTSSK4l8+67ANKHha/CRVxyk/bAl6OGCOxsKVsHaSxWpqsqgupc8rPw8vQGjtIgIZ+EaHqMz8gA4d6xZhQ==
